
Microsoft Visual Studio Solution File, Format Version 12.00
# Visual Studio Version 17
VisualStudioVersion = 17.1.32210.238
MinimumVisualStudioVersion = 10.0.40219.1
Project("{FAE04EC0-301F-11D3-BF4B-00C04F79EFBC}") = "RestApi.Entity.Core6", "RestApi.Entity.Core6\RestApi.Entity.Core6.csproj", "{04303869-2429-49ED-B005-132A455ADFBC}"
EndProject
Global
	GlobalSection(SolutionConfigurationPlatforms) = preSolution
		Debug|Any CPU = Debug|Any CPU
		Release|Any CPU = Release|Any CPU
	EndGlobalSection
	GlobalSection(ProjectConfigurationPlatforms) = postSolution
		{04303869-2429-49ED-B005-132A455ADFBC}.Debug|Any CPU.ActiveCfg = Debug|Any CPU
		{04303869-2429-49ED-B005-132A455ADFBC}.Debug|Any CPU.Build.0 = Debug|Any CPU
		{04303869-2429-49ED-B005-132A455ADFBC}.Release|Any CPU.ActiveCfg = Release|Any CPU
		{04303869-2429-49ED-B005-132A455ADFBC}.Release|Any CPU.Build.0 = Release|Any CPU
	EndGlobalSection
	GlobalSection(SolutionProperties) = preSolution
		HideSolutionNode = FALSE
	EndGlobalSection
	GlobalSection(ExtensibilityGlobals) = postSolution
		SolutionGuid = {7CE616FF-2021-40D6-BED1-008B5355A4F1}
	EndGlobalSection
EndGlobal
